// !$*UTF8*$!
{
	archiveVersion = 1;
	classes = {
	};
	objectVersion = 56;
	objects = {

/* Begin PBXBuildFile section */
		61430E472CFEB2DD0039E12F /* Toast.swift in Sources */ = {isa = PBXBuildFile; fileRef = 61430E462CFEB2DD0039E12F /* Toast.swift */; };
		6197950B2CFC1E4B00C343D9 /* AppDelegate.swift in Sources */ = {isa = PBXBuildFile; fileRef = 6197950A2CFC1E4B00C343D9 /* AppDelegate.swift */; };
		6197950D2CFC1E4B00C343D9 /* SceneDelegate.swift in Sources */ = {isa = PBXBuildFile; fileRef = 6197950C2CFC1E4B00C343D9 /* SceneDelegate.swift */; };
		6197950F2CFC1E4B00C343D9 /* ViewController.swift in Sources */ = {isa = PBXBuildFile; fileRef = 6197950E2CFC1E4B00C343D9 /* ViewController.swift */; };
		619795122CFC1E4B00C343D9 /* Main.storyboard in Resources */ = {isa = PBXBuildFile; fileRef = 619795102CFC1E4B00C343D9 /* Main.storyboard */; };
		619795142CFC1E4D00C343D9 /* Assets.xcassets in Resources */ = {isa = PBXBuildFile; fileRef = 619795132CFC1E4D00C343D9 /* Assets.xcassets */; };
		619795172CFC1E4D00C343D9 /* LaunchScreen.storyboard in Resources */ = {isa = PBXBuildFile; fileRef = 619795152CFC1E4D00C343D9 /* LaunchScreen.storyboard */; };
		61D044772CFDF766008F9E93 /* DownloadAppVC.swift in Sources */ = {isa = PBXBuildFile; fileRef = 61D044762CFDF766008F9E93 /* DownloadAppVC.swift */; };
		61F5439A2CFD667C00C0A2B4 /* CardTVCell.swift in Sources */ = {isa = PBXBuildFile; fileRef = 61F543982CFD667C00C0A2B4 /* CardTVCell.swift */; };
		61F5439B2CFD667C00C0A2B4 /* CardTVCell.xib in Resources */ = {isa = PBXBuildFile; fileRef = 61F543992CFD667C00C0A2B4 /* CardTVCell.xib */; };
		61F5439D2CFD706900C0A2B4 /* UIView+UITableView+Extension.swift in Sources */ = {isa = PBXBuildFile; fileRef = 61F5439C2CFD706900C0A2B4 /* UIView+UITableView+Extension.swift */; };
		61F5439F2CFD729A00C0A2B4 /* UIColor+Extension.swift in Sources */ = {isa = PBXBuildFile; fileRef = 61F5439E2CFD729A00C0A2B4 /* UIColor+Extension.swift */; };
		61F543A12CFD90C100C0A2B4 /* Apps.json in Resources */ = {isa = PBXBuildFile; fileRef = 61F543A02CFD90C100C0A2B4 /* Apps.json */; };
		61F543A32CFDA70C00C0A2B4 /* CardDetailsVC.swift in Sources */ = {isa = PBXBuildFile; fileRef = 61F543A22CFDA70C00C0A2B4 /* CardDetailsVC.swift */; };
		61F543AE2CFDB43F00C0A2B4 /* Utils.swift in Sources */ = {isa = PBXBuildFile; fileRef = 61F543AD2CFDB43F00C0A2B4 /* Utils.swift */; };
		61F543B02CFDBD1F00C0A2B4 /* CardDetailView.swift in Sources */ = {isa = PBXBuildFile; fileRef = 61F543AF2CFDBD1F00C0A2B4 /* CardDetailView.swift */; };
		61F543B22CFDBD2600C0A2B4 /* CardDetailView.xib in Resources */ = {isa = PBXBuildFile; fileRef = 61F543B12CFDBD2600C0A2B4 /* CardDetailView.xib */; };
/* End PBXBuildFile section */

/* Begin PBXFileReference section */
		61430E462CFEB2DD0039E12F /* Toast.swift */ = {isa = PBXFileReference; fileEncoding = 4; lastKnownFileType = sourcecode.swift; path = Toast.swift; sourceTree = "<group>"; };
		619795072CFC1E4B00C343D9 /* DemoAnswersAi.app */ = {isa = PBXFileReference; explicitFileType = wrapper.application; includeInIndex = 0; path = DemoAnswersAi.app; sourceTree = BUILT_PRODUCTS_DIR; };
		6197950A2CFC1E4B00C343D9 /* AppDelegate.swift */ = {isa = PBXFileReference; lastKnownFileType = sourcecode.swift; path = AppDelegate.swift; sourceTree = "<group>"; };
		6197950C2CFC1E4B00C343D9 /* SceneDelegate.swift */ = {isa = PBXFileReference; lastKnownFileType = sourcecode.swift; path = SceneDelegate.swift; sourceTree = "<group>"; };
		6197950E2CFC1E4B00C343D9 /* ViewController.swift */ = {isa = PBXFileReference; lastKnownFileType = sourcecode.swift; path = ViewController.swift; sourceTree = "<group>"; };
		619795112CFC1E4B00C343D9 /* Base */ = {isa = PBXFileReference; lastKnownFileType = file.storyboard; name = Base; path = Base.lproj/Main.storyboard; sourceTree = "<group>"; };
		619795132CFC1E4D00C343D9 /* Assets.xcassets */ = {isa = PBXFileReference; lastKnownFileType = folder.assetcatalog; path = Assets.xcassets; sourceTree = "<group>"; };
		619795162CFC1E4D00C343D9 /* Base */ = {isa = PBXFileReference; lastKnownFileType = file.storyboard; name = Base; path = Base.lproj/LaunchScreen.storyboard; sourceTree = "<group>"; };
		619795182CFC1E4D00C343D9 /* Info.plist */ = {isa = PBXFileReference; lastKnownFileType = text.plist.xml; path = Info.plist; sourceTree = "<group>"; };
		61D044762CFDF766008F9E93 /* DownloadAppVC.swift */ = {isa = PBXFileReference; lastKnownFileType = sourcecode.swift; path = DownloadAppVC.swift; sourceTree = "<group>"; };
		61F543982CFD667C00C0A2B4 /* CardTVCell.swift */ = {isa = PBXFileReference; lastKnownFileType = sourcecode.swift; path = CardTVCell.swift; sourceTree = "<group>"; };
		61F543992CFD667C00C0A2B4 /* CardTVCell.xib */ = {isa = PBXFileReference; lastKnownFileType = file.xib; path = CardTVCell.xib; sourceTree = "<group>"; };
		61F5439C2CFD706900C0A2B4 /* UIView+UITableView+Extension.swift */ = {isa = PBXFileReference; lastKnownFileType = sourcecode.swift; path = "UIView+UITableView+Extension.swift"; sourceTree = "<group>"; };
		61F5439E2CFD729A00C0A2B4 /* UIColor+Extension.swift */ = {isa = PBXFileReference; lastKnownFileType = sourcecode.swift; path = "UIColor+Extension.swift"; sourceTree = "<group>"; };
		61F543A02CFD90C100C0A2B4 /* Apps.json */ = {isa = PBXFileReference; fileEncoding = 4; lastKnownFileType = text.json; path = Apps.json; sourceTree = "<group>"; };
		61F543A22CFDA70C00C0A2B4 /* CardDetailsVC.swift */ = {isa = PBXFileReference; lastKnownFileType = sourcecode.swift; path = CardDetailsVC.swift; sourceTree = "<group>"; };
		61F543AD2CFDB43F00C0A2B4 /* Utils.swift */ = {isa = PBXFileReference; lastKnownFileType = sourcecode.swift; path = Utils.swift; sourceTree = "<group>"; };
		61F543AF2CFDBD1F00C0A2B4 /* CardDetailView.swift */ = {isa = PBXFileReference; lastKnownFileType = sourcecode.swift; path = CardDetailView.swift; sourceTree = "<group>"; };
		61F543B12CFDBD2600C0A2B4 /* CardDetailView.xib */ = {isa = PBXFileReference; lastKnownFileType = file.xib; path = CardDetailView.xib; sourceTree = "<group>"; };
/* End PBXFileReference section */

/* Begin PBXFrameworksBuildPhase section */
		619795042CFC1E4B00C343D9 /* Frameworks */ = {
			isa = PBXFrameworksBuildPhase;
			buildActionMask = 2147483647;
			files = (
			);
			runOnlyForDeploymentPostprocessing = 0;
		};
/* End PBXFrameworksBuildPhase section */

/* Begin PBXGroup section */
		619794FE2CFC1E4B00C343D9 = {
			isa = PBXGroup;
			children = (
				619795092CFC1E4B00C343D9 /* DemoAnswersAi */,
				619795082CFC1E4B00C343D9 /* Products */,
			);
			sourceTree = "<group>";
		};
		619795082CFC1E4B00C343D9 /* Products */ = {
			isa = PBXGroup;
			children = (
				619795072CFC1E4B00C343D9 /* DemoAnswersAi.app */,
			);
			name = Products;
			sourceTree = "<group>";
		};
		619795092CFC1E4B00C343D9 /* DemoAnswersAi */ = {
			isa = PBXGroup;
			children = (
				6197950A2CFC1E4B00C343D9 /* AppDelegate.swift */,
				6197950C2CFC1E4B00C343D9 /* SceneDelegate.swift */,
				61F5439C2CFD706900C0A2B4 /* UIView+UITableView+Extension.swift */,
				61F543AD2CFDB43F00C0A2B4 /* Utils.swift */,
				61430E462CFEB2DD0039E12F /* Toast.swift */,
				61F5439E2CFD729A00C0A2B4 /* UIColor+Extension.swift */,
				61F543A02CFD90C100C0A2B4 /* Apps.json */,
				6197950E2CFC1E4B00C343D9 /* ViewController.swift */,
				61F543972CFD666200C0A2B4 /* CardTVCell */,
				61F543A22CFDA70C00C0A2B4 /* CardDetailsVC.swift */,
				61F543AF2CFDBD1F00C0A2B4 /* CardDetailView.swift */,
				61F543B12CFDBD2600C0A2B4 /* CardDetailView.xib */,
				61D044762CFDF766008F9E93 /* DownloadAppVC.swift */,
				619795102CFC1E4B00C343D9 /* Main.storyboard */,
				619795132CFC1E4D00C343D9 /* Assets.xcassets */,
				619795152CFC1E4D00C343D9 /* LaunchScreen.storyboard */,
				619795182CFC1E4D00C343D9 /* Info.plist */,
			);
			path = DemoAnswersAi;
			sourceTree = "<group>";
		};
		61F543972CFD666200C0A2B4 /* CardTVCell */ = {
			isa = PBXGroup;
			children = (
				61F543982CFD667C00C0A2B4 /* CardTVCell.swift */,
				61F543992CFD667C00C0A2B4 /* CardTVCell.xib */,
			);
			path = CardTVCell;
			sourceTree = "<group>";
		};
/* End PBXGroup section */

/* Begin PBXNativeTarget section */
		619795062CFC1E4B00C343D9 /* DemoAnswersAi */ = {
			isa = PBXNativeTarget;
			buildConfigurationList = 6197951B2CFC1E4D00C343D9 /* Build configuration list for PBXNativeTarget "DemoAnswersAi" */;
			buildPhases = (
				619795032CFC1E4B00C343D9 /* Sources */,
				619795042CFC1E4B00C343D9 /* Frameworks */,
				619795052CFC1E4B00C343D9 /* Resources */,
			);
			buildRules = (
			);
			dependencies = (
			);
			name = DemoAnswersAi;
			productName = DemoAnswersAi;
			productReference = 619795072CFC1E4B00C343D9 /* DemoAnswersAi.app */;
			productType = "com.apple.product-type.application";
		};
/* End PBXNativeTarget section */

/* Begin PBXProject section */
		619794FF2CFC1E4B00C343D9 /* Project object */ = {
			isa = PBXProject;
			attributes = {
				BuildIndependentTargetsInParallel = 1;
				LastSwiftUpdateCheck = 1520;
				LastUpgradeCheck = 1520;
				TargetAttributes = {
					619795062CFC1E4B00C343D9 = {
						CreatedOnToolsVersion = 15.2;
					};
				};
			};
			buildConfigurationList = 619795022CFC1E4B00C343D9 /* Build configuration list for PBXProject "DemoAnswersAi" */;
			compatibilityVersion = "Xcode 14.0";
			developmentRegion = en;
			hasScannedForEncodings = 0;
			knownRegions = (
				en,
				Base,
			);
			mainGroup = 619794FE2CFC1E4B00C343D9;
			productRefGroup = 619795082CFC1E4B00C343D9 /* Products */;
			projectDirPath = "";
			projectRoot = "";
			targets = (
				619795062CFC1E4B00C343D9 /* DemoAnswersAi */,
			);
		};
/* End PBXProject section */

/* Begin PBXResourcesBuildPhase section */
		619795052CFC1E4B00C343D9 /* Resources */ = {
			isa = PBXResourcesBuildPhase;
			buildActionMask = 2147483647;
			files = (
				61F543A12CFD90C100C0A2B4 /* Apps.json in Resources */,
				619795172CFC1E4D00C343D9 /* LaunchScreen.storyboard in Resources */,
				619795142CFC1E4D00C343D9 /* Assets.xcassets in Resources */,
				61F543B22CFDBD2600C0A2B4 /* CardDetailView.xib in Resources */,
				619795122CFC1E4B00C343D9 /* Main.storyboard in Resources */,
				61F5439B2CFD667C00C0A2B4 /* CardTVCell.xib in Resources */,
			);
			runOnlyForDeploymentPostprocessing = 0;
		};
/* End PBXResourcesBuildPhase section */

/* Begin PBXSourcesBuildPhase section */
		619795032CFC1E4B00C343D9 /* Sources */ = {
			isa = PBXSourcesBuildPhase;
			buildActionMask = 2147483647;
			files = (
				61D044772CFDF766008F9E93 /* DownloadAppVC.swift in Sources */,
				6197950F2CFC1E4B00C343D9 /* ViewController.swift in Sources */,
				6197950B2CFC1E4B00C343D9 /* AppDelegate.swift in Sources */,
				61F5439D2CFD706900C0A2B4 /* UIView+UITableView+Extension.swift in Sources */,
				61F543AE2CFDB43F00C0A2B4 /* Utils.swift in Sources */,
				61F5439F2CFD729A00C0A2B4 /* UIColor+Extension.swift in Sources */,
				61F543B02CFDBD1F00C0A2B4 /* CardDetailView.swift in Sources */,
				61F543A32CFDA70C00C0A2B4 /* CardDetailsVC.swift in Sources */,
				6197950D2CFC1E4B00C343D9 /* SceneDelegate.swift in Sources */,
				61F5439A2CFD667C00C0A2B4 /* CardTVCell.swift in Sources */,
				61430E472CFEB2DD0039E12F /* Toast.swift in Sources */,
			);
			runOnlyForDeploymentPostprocessing = 0;
		};
/* End PBXSourcesBuildPhase section */

/* Begin PBXVariantGroup section */
		619795102CFC1E4B00C343D9 /* Main.storyboard */ = {
			isa = PBXVariantGroup;
			children = (
				619795112CFC1E4B00C343D9 /* Base */,
			);
			name = Main.storyboard;
			sourceTree = "<group>";
		};
		619795152CFC1E4D00C343D9 /* LaunchScreen.storyboard */ = {
			isa = PBXVariantGroup;
			children = (
				619795162CFC1E4D00C343D9 /* Base */,
			);
			name = LaunchScreen.storyboard;
			sourceTree = "<group>";
		};
/* End PBXVariantGroup section */

/* Begin XCBuildConfiguration section */
		619795192CFC1E4D00C343D9 /* Debug */ = {
			isa = XCBuildConfiguration;
			buildSettings = {
				ALWAYS_SEARCH_USER_PATHS = NO;
				ASSETCATALOG_COMPILER_GENERATE_SWIFT_ASSET_SYMBOL_EXTENSIONS = YES;
				CLANG_ANALYZER_NONNULL = YES;
				CLANG_ANALYZER_NUMBER_OBJECT_CONVERSION = YES_AGGRESSIVE;
				CLANG_CXX_LANGUAGE_STANDARD = "gnu++20";
				CLANG_ENABLE_MODULES = YES;
				CLANG_ENABLE_OBJC_ARC = YES;
				CLANG_ENABLE_OBJC_WEAK = YES;
				CLANG_WARN_BLOCK_CAPTURE_AUTORELEASING = YES;
				CLANG_WARN_BOOL_CONVERSION = YES;
				CLANG_WARN_COMMA = YES;
				CLANG_WARN_CONSTANT_CONVERSION = YES;
				CLANG_WARN_DEPRECATED_OBJC_IMPLEMENTATIONS = YES;
				CLANG_WARN_DIRECT_OBJC_ISA_USAGE = YES_ERROR;
				CLANG_WARN_DOCUMENTATION_COMMENTS = YES;
				CLANG_WARN_EMPTY_BODY = YES;
				CLANG_WARN_ENUM_CONVERSION = YES;
				CLANG_WARN_INFINITE_RECURSION = YES;
				CLANG_WARN_INT_CONVERSION = YES;
				CLANG_WARN_NON_LITERAL_NULL_CONVERSION = YES;
				CLANG_WARN_OBJC_IMPLICIT_RETAIN_SELF = YES;
				CLANG_WARN_OBJC_LITERAL_CONVERSION = YES;
				CLANG_WARN_OBJC_ROOT_CLASS = YES_ERROR;
				CLANG_WARN_QUOTED_INCLUDE_IN_FRAMEWORK_HEADER = YES;
				CLANG_WARN_RANGE_LOOP_ANALYSIS = YES;
				CLANG_WARN_STRICT_PROTOTYPES = YES;
				CLANG_WARN_SUSPICIOUS_MOVE = YES;
				CLANG_WARN_UNGUARDED_AVAILABILITY = YES_AGGRESSIVE;
				CLANG_WARN_UNREACHABLE_CODE = YES;
				CLANG_WARN__DUPLICATE_METHOD_MATCH = YES;
				COPY_PHASE_STRIP = NO;
				DEBUG_INFORMATION_FORMAT = dwarf;
				ENABLE_STRICT_OBJC_MSGSEND = YES;
				ENABLE_TESTABILITY = YES;
				ENABLE_USER_SCRIPT_SANDBOXING = YES;
				GCC_C_LANGUAGE_STANDARD = gnu17;
				GCC_DYNAMIC_NO_PIC = NO;
				GCC_NO_COMMON_BLOCKS = YES;
				GCC_OPTIMIZATION_LEVEL = 0;
				GCC_PREPROCESSOR_DEFINITIONS = (
					"DEBUG=1",
					"$(inherited)",
				);
				GCC_WARN_64_TO_32_BIT_CONVERSION = YES;
				GCC_WARN_ABOUT_RETURN_TYPE = YES_ERROR;
				GCC_WARN_UNDECLARED_SELECTOR = YES;
				GCC_WARN_UNINITIALIZED_AUTOS = YES_AGGRESSIVE;
				GCC_WARN_UNUSED_FUNCTION = YES;
				GCC_WARN_UNUSED_VARIABLE = YES;
				IPHONEOS_DEPLOYMENT_TARGET = 17.2;
				LOCALIZATION_PREFERS_STRING_CATALOGS = YES;
				MTL_ENABLE_DEBUG_INFO = INCLUDE_SOURCE;
				MTL_FAST_MATH = YES;
				ONLY_ACTIVE_ARCH = YES;
				SDKROOT = iphoneos;
				SWIFT_ACTIVE_COMPILATION_CONDITIONS = "DEBUG $(inherited)";
				SWIFT_OPTIMIZATION_LEVEL = "-Onone";
			};
			name = Debug;
		};
		6197951A2CFC1E4D00C343D9 /* Release */ = {
			isa = XCBuildConfiguration;
			buildSettings = {
				ALWAYS_SEARCH_USER_PATHS = NO;
				ASSETCATALOG_COMPILER_GENERATE_SWIFT_ASSET_SYMBOL_EXTENSIONS = YES;
				CLANG_ANALYZER_NONNULL = YES;
				CLANG_ANALYZER_NUMBER_OBJECT_CONVERSION = YES_AGGRESSIVE;
				CLANG_CXX_LANGUAGE_STANDARD = "gnu++20";
				CLANG_ENABLE_MODULES = YES;
				CLANG_ENABLE_OBJC_ARC = YES;
				CLANG_ENABLE_OBJC_WEAK = YES;
				CLANG_WARN_BLOCK_CAPTURE_AUTORELEASING = YES;
				CLANG_WARN_BOOL_CONVERSION = YES;
				CLANG_WARN_COMMA = YES;
				CLANG_WARN_CONSTANT_CONVERSION = YES;
				CLANG_WARN_DEPRECATED_OBJC_IMPLEMENTATIONS = YES;
				CLANG_WARN_DIRECT_OBJC_ISA_USAGE = YES_ERROR;
				CLANG_WARN_DOCUMENTATION_COMMENTS = YES;
				CLANG_WARN_EMPTY_BODY = YES;
				CLANG_WARN_ENUM_CONVERSION = YES;
				CLANG_WARN_INFINITE_RECURSION = YES;
				CLANG_WARN_INT_CONVERSION = YES;
				CLANG_WARN_NON_LITERAL_NULL_CONVERSION = YES;
				CLANG_WARN_OBJC_IMPLICIT_RETAIN_SELF = YES;
				CLANG_WARN_OBJC_LITERAL_CONVERSION = YES;
				CLANG_WARN_OBJC_ROOT_CLASS = YES_ERROR;
				CLANG_WARN_QUOTED_INCLUDE_IN_FRAMEWORK_HEADER = YES;
				CLANG_WARN_RANGE_LOOP_ANALYSIS = YES;
				CLANG_WARN_STRICT_PROTOTYPES = YES;
				CLANG_WARN_SUSPICIOUS_MOVE = YES;
				CLANG_WARN_UNGUARDED_AVAILABILITY = YES_AGGRESSIVE;
				CLANG_WARN_UNREACHABLE_CODE = YES;
				CLANG_WARN__DUPLICATE_METHOD_MATCH = YES;
				COPY_PHASE_STRIP = NO;
				DEBUG_INFORMATION_FORMAT = "dwarf-with-dsym";
				ENABLE_NS_ASSERTIONS = NO;
				ENABLE_STRICT_OBJC_MSGSEND = YES;
				ENABLE_USER_SCRIPT_SANDBOXING = YES;
				GCC_C_LANGUAGE_STANDARD = gnu17;
				GCC_NO_COMMON_BLOCKS = YES;
				GCC_WARN_64_TO_32_BIT_CONVERSION = YES;
				GCC_WARN_ABOUT_RETURN_TYPE = YES_ERROR;
				GCC_WARN_UNDECLARED_SELECTOR = YES;
				GCC_WARN_UNINITIALIZED_AUTOS = YES_AGGRESSIVE;
				GCC_WARN_UNUSED_FUNCTION = YES;
				GCC_WARN_UNUSED_VARIABLE = YES;
				IPHONEOS_DEPLOYMENT_TARGET = 17.2;
				LOCALIZATION_PREFERS_STRING_CATALOGS = YES;
				MTL_ENABLE_DEBUG_INFO = NO;
				MTL_FAST_MATH = YES;
				SDKROOT = iphoneos;
				SWIFT_COMPILATION_MODE = wholemodule;
				VALIDATE_PRODUCT = YES;
			};
			name = Release;
		};
		6197951C2CFC1E4D00C343D9 /* Debug */ = {
			isa = XCBuildConfiguration;
			buildSettings = {
				ASSETCATALOG_COMPILER_APPICON_NAME = AppIcon;
				ASSETCATALOG_COMPILER_GLOBAL_ACCENT_COLOR_NAME = AccentColor;
				CODE_SIGN_STYLE = Automatic;
				CURRENT_PROJECT_VERSION = 1;
				DEVELOPMENT_TEAM = 27KRYTW74S;
				ENABLE_USER_SCRIPT_SANDBOXING = NO;
				GENERATE_INFOPLIST_FILE = YES;
				INFOPLIST_FILE = DemoAnswersAi/Info.plist;
				INFOPLIST_KEY_UIApplicationSupportsIndirectInputEvents = YES;
				INFOPLIST_KEY_UILaunchStoryboardName = LaunchScreen;
				INFOPLIST_KEY_UIMainStoryboardFile = Main;
				INFOPLIST_KEY_UISupportedInterfaceOrientations = UIInterfaceOrientationPortrait;
				INFOPLIST_KEY_UISupportedInterfaceOrientations_iPad = "UIInterfaceOrientationLandscapeLeft UIInterfaceOrientationLandscapeRight UIInterfaceOrientationPortrait UIInterfaceOrientationPortraitUpsideDown";
				IPHONEOS_DEPLOYMENT_TARGET = 15.0;
				LD_RUNPATH_SEARCH_PATHS = (
					"$(inherited)",
					"@executable_path/Frameworks",
				);
				MARKETING_VERSION = 1.0;
				PRODUCT_BUNDLE_IDENTIFIER = com.DemoAnswersAi;
				PRODUCT_NAME = "$(TARGET_NAME)";
				SWIFT_EMIT_LOC_STRINGS = YES;
				SWIFT_VERSION = 5.0;
				TARGETED_DEVICE_FAMILY = "1,2";
			};
			name = Debug;
		};
		6197951D2CFC1E4D00C343D9 /* Release */ = {
			isa = XCBuildConfiguration;
			buildSettings = {
				ASSETCATALOG_COMPILER_APPICON_NAME = AppIcon;
				ASSETCATALOG_COMPILER_GLOBAL_ACCENT_COLOR_NAME = AccentColor;
				CODE_SIGN_STYLE = Automatic;
				CURRENT_PROJECT_VERSION = 1;
				DEVELOPMENT_TEAM = 27KRYTW74S;
				ENABLE_USER_SCRIPT_SANDBOXING = NO;
				GENERATE_INFOPLIST_FILE = YES;
				INFOPLIST_FILE = DemoAnswersAi/Info.plist;
				INFOPLIST_KEY_UIApplicationSupportsIndirectInputEvents = YES;
				INFOPLIST_KEY_UILaunchStoryboardName = LaunchScreen;
				INFOPLIST_KEY_UIMainStoryboardFile = Main;
				INFOPLIST_KEY_UISupportedInterfaceOrientations = UIInterfaceOrientationPortrait;
				INFOPLIST_KEY_UISupportedInterfaceOrientations_iPad = "UIInterfaceOrientationLandscapeLeft UIInterfaceOrientationLandscapeRight UIInterfaceOrientationPortrait UIInterfaceOrientationPortraitUpsideDown";
				IPHONEOS_DEPLOYMENT_TARGET = 15.0;
				LD_RUNPATH_SEARCH_PATHS = (
					"$(inherited)",
					"@executable_path/Frameworks",
				);
				MARKETING_VERSION = 1.0;
				PRODUCT_BUNDLE_IDENTIFIER = com.DemoAnswersAi;
				PRODUCT_NAME = "$(TARGET_NAME)";
				SWIFT_EMIT_LOC_STRINGS = YES;
				SWIFT_VERSION = 5.0;
				TARGETED_DEVICE_FAMILY = "1,2";
			};
			name = Release;
		};
/* End XCBuildConfiguration section */

/* Begin XCConfigurationList section */
		619795022CFC1E4B00C343D9 /* Build configuration list for PBXProject "DemoAnswersAi" */ = {
			isa = XCConfigurationList;
			buildConfigurations = (
				619795192CFC1E4D00C343D9 /* Debug */,
				6197951A2CFC1E4D00C343D9 /* Release */,
			);
			defaultConfigurationIsVisible = 0;
			defaultConfigurationName = Release;
		};
		6197951B2CFC1E4D00C343D9 /* Build configuration list for PBXNativeTarget "DemoAnswersAi" */ = {
			isa = XCConfigurationList;
			buildConfigurations = (
				6197951C2CFC1E4D00C343D9 /* Debug */,
				6197951D2CFC1E4D00C343D9 /* Release */,
			);
			defaultConfigurationIsVisible = 0;
			defaultConfigurationName = Release;
		};
/* End XCConfigurationList section */
	};
	rootObject = 619794FF2CFC1E4B00C343D9 /* Project object */;
}
